{
  "name": "@microsoft/applicationinsights-angularplugin-js",
  "version": "14.0.0",
  "lockfileVersion": 3,
  "requires": true,
  "packages": {
    "": {
      "name": "@microsoft/applicationinsights-angularplugin-js",
      "version": "14.0.0",
      "license": "MIT",
      "dependencies": {
        "@microsoft/applicationinsights-common": "^3.0.3",
        "@microsoft/applicationinsights-core-js": "^3.0.3",
        "@microsoft/applicationinsights-properties-js": "^3.0.3",
        "@microsoft/applicationinsights-shims": "^3.0.1",
        "tslib": "^2.0.0"
      },
      "devDependencies": {
        "@microsoft/applicationinsights-analytics-js": "^3.0.3"
      },
      "peerDependencies": {
        "@angular/common": ">= 14.0.3",
        "@angular/core": ">= 14.0.3",
        "@microsoft/applicationinsights-analytics-js": "^3.0.3"
      }
    },
    "node_modules/@angular/common": {
      "version": "16.2.6",
      "resolved": "https://registry.npmjs.org/@angular/common/-/common-16.2.6.tgz",
      "integrity": "sha512-BjnahvtJHh2zXfCZjpWit+zMkggl/PrgUtPd02egzLmEKyXIMmQLYNpDZ+Pqgpb7eefU8yBPhL7WA2oKFjHjSg==",
      "peer": true,
      "dependencies": {
        "tslib": "^2.3.0"
      },
      "engines": {
        "node": "^16.14.0 || >=18.10.0"
      },
      "peerDependencies": {
        "@angular/core": "16.2.6",
        "rxjs": "^6.5.3 || ^7.4.0"
      }
    },
    "node_modules/@angular/core": {
      "version": "16.2.6",
      "resolved": "https://registry.npmjs.org/@angular/core/-/core-16.2.6.tgz",
      "integrity": "sha512-F7kJbkVHLupdVQbwjjEuWp5rtxmfnL571VtqRN/8OJZAI2OjZjnSbL+FRZGEZHDmOZ2cNgPKpYt/d3nbK8hpSw==",
      "peer": true,
      "dependencies": {
        "tslib": "^2.3.0"
      },
      "engines": {
        "node": "^16.14.0 || >=18.10.0"
      },
      "peerDependencies": {
        "rxjs": "^6.5.3 || ^7.4.0",
        "zone.js": "~0.13.0"
      }
    },
    "node_modules/@microsoft/applicationinsights-analytics-js": {
      "version": "3.0.3",
      "resolved": "https://registry.npmjs.org/@microsoft/applicationinsights-analytics-js/-/applicationinsights-analytics-js-3.0.3.tgz",
      "integrity": "sha512-ZVLGwcBJIwYel19++312CddNEneAGoHOuJVHxqkquwPfI3LgufI1T28QSefCYuuijuWkAsuuHOfUNr1Rl84ZZg==",
      "dev": true,
      "dependencies": {
        "@microsoft/applicationinsights-common": "3.0.3",
        "@microsoft/applicationinsights-core-js": "3.0.3",
        "@microsoft/applicationinsights-shims": "3.0.1",
        "@microsoft/dynamicproto-js": "^2.0.2",
        "@nevware21/ts-utils": ">= 0.10.1 < 2.x"
      },
      "peerDependencies": {
        "tslib": "*"
      }
    },
    "node_modules/@microsoft/applicationinsights-common": {
      "version": "3.0.3",
      "resolved": "https://registry.npmjs.org/@microsoft/applicationinsights-common/-/applicationinsights-common-3.0.3.tgz",
      "integrity": "sha512-GwnerHHPexry2CMTr6gP2Rjm0e3rgVXZzFCbrxcoOQk8MqrEFDWur6Xs66FwXpGFnY3KV3Zsujkfcl0oePs4Cg==",
      "dependencies": {
        "@microsoft/applicationinsights-core-js": "3.0.3",
        "@microsoft/applicationinsights-shims": "3.0.1",
        "@microsoft/dynamicproto-js": "^2.0.2",
        "@nevware21/ts-utils": ">= 0.10.1 < 2.x"
      },
      "peerDependencies": {
        "tslib": "*"
      }
    },
    "node_modules/@microsoft/applicationinsights-core-js": {
      "version": "3.0.3",
      "resolved": "https://registry.npmjs.org/@microsoft/applicationinsights-core-js/-/applicationinsights-core-js-3.0.3.tgz",
      "integrity": "sha512-ymtdPHgUhCwIwQZx2ZN3Xw3cq+Z5KHzGmFV8QvURSdUzfaHbjYcHXIQkEZbgCCGOTMLtx9lZqP7J1gbBy0O8GQ==",
      "dependencies": {
        "@microsoft/applicationinsights-shims": "3.0.1",
        "@microsoft/dynamicproto-js": "^2.0.2",
        "@nevware21/ts-async": ">= 0.3.0 < 2.x",
        "@nevware21/ts-utils": ">= 0.10.1 < 2.x"
      },
      "peerDependencies": {
        "tslib": "*"
      }
    },
    "node_modules/@microsoft/applicationinsights-properties-js": {
      "version": "3.0.3",
      "resolved": "https://registry.npmjs.org/@microsoft/applicationinsights-properties-js/-/applicationinsights-properties-js-3.0.3.tgz",
      "integrity": "sha512-jR6N2o57BzY9QUAH//Ha0HzZvVKVRUjMKWdoM5dil2gBh5oFra+Ki9cKLE6f5wMvPPnwctpaMqv1XHJYU/cB5A==",
      "dependencies": {
        "@microsoft/applicationinsights-common": "3.0.3",
        "@microsoft/applicationinsights-core-js": "3.0.3",
        "@microsoft/applicationinsights-shims": "3.0.1",
        "@microsoft/dynamicproto-js": "^2.0.2",
        "@nevware21/ts-utils": ">= 0.10.1 < 2.x"
      },
      "peerDependencies": {
        "tslib": "*"
      }
    },
    "node_modules/@microsoft/applicationinsights-shims": {
      "version": "3.0.1",
      "resolved": "https://registry.npmjs.org/@microsoft/applicationinsights-shims/-/applicationinsights-shims-3.0.1.tgz",
      "integrity": "sha512-DKwboF47H1nb33rSUfjqI6ryX29v+2QWcTrRvcQDA32AZr5Ilkr7whOOSsD1aBzwqX0RJEIP1Z81jfE3NBm/Lg==",
      "dependencies": {
        "@nevware21/ts-utils": ">= 0.9.4 < 2.x"
      }
    },
    "node_modules/@microsoft/dynamicproto-js": {
      "version": "2.0.2",
      "resolved": "https://registry.npmjs.org/@microsoft/dynamicproto-js/-/dynamicproto-js-2.0.2.tgz",
      "integrity": "sha512-MB8trWaFREpmb037k/d0bB7T2BP7Ai24w1e1tbz3ASLB0/lwphsq3Nq8S9I5AsI5vs4zAQT+SB5nC5/dLYTiOg==",
      "dependencies": {
        "@nevware21/ts-utils": ">= 0.9.4 < 2.x"
      }
    },
    "node_modules/@nevware21/ts-async": {
      "version": "0.3.0",
      "resolved": "https://registry.npmjs.org/@nevware21/ts-async/-/ts-async-0.3.0.tgz",
      "integrity": "sha512-ZUcgUH12LN/F6nzN0cYd0F/rJaMLmXr0EHVTyYfaYmK55bdwE4338uue4UiVoRqHVqNW4KDUrJc49iGogHKeWA==",
      "dependencies": {
        "@nevware21/ts-utils": ">= 0.10.0 < 2.x"
      }
    },
    "node_modules/@nevware21/ts-utils": {
      "version": "0.10.1",
      "resolved": "https://registry.npmjs.org/@nevware21/ts-utils/-/ts-utils-0.10.1.tgz",
      "integrity": "sha512-pMny25NnF2/MJwdqC3Iyjm2pGIXNxni4AROpcqDeWa+td9JMUY4bUS9uU9XW+BoBRqTLUL+WURF9SOd/6OQzRg=="
    },
    "node_modules/rxjs": {
      "version": "7.8.1",
      "resolved": "https://registry.npmjs.org/rxjs/-/rxjs-7.8.1.tgz",
      "integrity": "sha512-AA3TVj+0A2iuIoQkWEK/tqFjBq2j+6PO6Y0zJcvzLAFhEFIO3HL0vls9hWLncZbAAbK0mar7oZ4V079I/qPMxg==",
      "peer": true,
      "dependencies": {
        "tslib": "^2.1.0"
      }
    },
    "node_modules/tslib": {
      "version": "2.6.2",
      "resolved": "https://registry.npmjs.org/tslib/-/tslib-2.6.2.tgz",
      "integrity": "sha512-AEYxH93jGFPn/a2iVAwW87VuUIkR1FVUKB77NwMF7nBTDkDrrT/Hpt/IrCJ0QXhW27jTBDcf5ZY7w6RiqTMw2Q=="
    },
    "node_modules/zone.js": {
      "version": "0.13.3",
      "resolved": "https://registry.npmjs.org/zone.js/-/zone.js-0.13.3.tgz",
      "integrity": "sha512-MKPbmZie6fASC/ps4dkmIhaT5eonHkEt6eAy80K42tAm0G2W+AahLJjbfi6X9NPdciOE9GRFTTM8u2IiF6O3ww==",
      "peer": true,
      "dependencies": {
        "tslib": "^2.3.0"
      }
    }
  }
}
